
Microsoft Visual Studio Solution File, Format Version 12.00
# Visual Studio Version 17
VisualStudioVersion = 17.2.32630.192
MinimumVisualStudioVersion = 10.0.40219.1
Project("{FAE04EC0-301F-11D3-BF4B-00C04F79EFBC}") = "AngularStore.Database", "AngularStore.Database\AngularStore.Database.csproj", "{BEE0ABE1-8FCB-4213-86DD-B9273D19D7D2}"
EndProject
Project("{FAE04EC0-301F-11D3-BF4B-00C04F79EFBC}") = "AngularStore.WebAPI", "AngularStore.WebAPI\AngularStore.WebAPI.csproj", "{E5756F16-E01D-4A06-9CA7-F7F114DCB39E}"
EndProject
Global
	GlobalSection(SolutionConfigurationPlatforms) = preSolution
		Debug|Any CPU = Debug|Any CPU
		Release|Any CPU = Release|Any CPU
	EndGlobalSection
	GlobalSection(ProjectConfigurationPlatforms) = postSolution
		{BEE0ABE1-8FCB-4213-86DD-B9273D19D7D2}.Debug|Any CPU.ActiveCfg = Debug|Any CPU
		{BEE0ABE1-8FCB-4213-86DD-B9273D19D7D2}.Debug|Any CPU.Build.0 = Debug|Any CPU
		{BEE0ABE1-8FCB-4213-86DD-B9273D19D7D2}.Release|Any CPU.ActiveCfg = Release|Any CPU
		{BEE0ABE1-8FCB-4213-86DD-B9273D19D7D2}.Release|Any CPU.Build.0 = Release|Any CPU
		{E5756F16-E01D-4A06-9CA7-F7F114DCB39E}.Debug|Any CPU.ActiveCfg = Debug|Any CPU
		{E5756F16-E01D-4A06-9CA7-F7F114DCB39E}.Debug|Any CPU.Build.0 = Debug|Any CPU
		{E5756F16-E01D-4A06-9CA7-F7F114DCB39E}.Release|Any CPU.ActiveCfg = Release|Any CPU
		{E5756F16-E01D-4A06-9CA7-F7F114DCB39E}.Release|Any CPU.Build.0 = Release|Any CPU
	EndGlobalSection
	GlobalSection(SolutionProperties) = preSolution
		HideSolutionNode = FALSE
	EndGlobalSection
	GlobalSection(ExtensibilityGlobals) = postSolution
		SolutionGuid = {0746BF33-0A97-46A4-BF07-DCA6D69A456D}
	EndGlobalSection
EndGlobal
